
Microsoft Visual Studio Solution File, Format Version 11.00
# Visual Studio 2010
Project("{8BC9CEB8-8B4A-11D0-8D11-00A0C91BC942}") = "JelloCube", "JelloCube\JelloCube.vcxproj", "{05121B63-E25F-462E-B9C7-F67E5A07BB1D}"
EndProject
Global
	GlobalSection(SolutionConfigurationPlatforms) = preSolution
		Debug|Win32 = Debug|Win32
		Release|Win32 = Release|Win32
	EndGlobalSection
	GlobalSection(ProjectConfigurationPlatforms) = postSolution
		{05121B63-E25F-462E-B9C7-F67E5A07BB1D}.Debug|Win32.ActiveCfg = Debug|Win32
		{05121B63-E25F-462E-B9C7-F67E5A07BB1D}.Debug|Win32.Build.0 = Debug|Win32
		{05121B63-E25F-462E-B9C7-F67E5A07BB1D}.Release|Win32.ActiveCfg = Release|Win32
		{05121B63-E25F-462E-B9C7-F67E5A07BB1D}.Release|Win32.Build.0 = Release|Win32
	EndGlobalSection
	GlobalSection(SolutionProperties) = preSolution
		HideSolutionNode = FALSE
	EndGlobalSection
EndGlobal
